// !$*UTF8*$!
{
	archiveVersion = 1;
	classes = {
	};
	objectVersion = 46;
	objects = {

/* Begin PBXBuildFile section */
		7D692BB91922A02B0045F48B /* Foundation.framework in Frameworks */ = {isa = PBXBuildFile; fileRef = 7D692BB81922A02B0045F48B /* Foundation.framework */; };
		7D692BBB1922A02B0045F48B /* CoreGraphics.framework in Frameworks */ = {isa = PBXBuildFile; fileRef = 7D692BBA1922A02B0045F48B /* CoreGraphics.framework */; };
		7D692BBD1922A02B0045F48B /* UIKit.framework in Frameworks */ = {isa = PBXBuildFile; fileRef = 7D692BBC1922A02B0045F48B /* UIKit.framework */; };
		7D692BC31922A02B0045F48B /* InfoPlist.strings in Resources */ = {isa = PBXBuildFile; fileRef = 7D692BC11922A02B0045F48B /* InfoPlist.strings */; };
		7D692BC51922A02B0045F48B /* main.m in Sources */ = {isa = PBXBuildFile; fileRef = 7D692BC41922A02B0045F48B /* main.m */; };
		7D692BC91922A02B0045F48B /* JPAppDelegate.m in Sources */ = {isa = PBXBuildFile; fileRef = 7D692BC81922A02B0045F48B /* JPAppDelegate.m */; };
		7D692BCC1922A02B0045F48B /* Main_iPhone.storyboard in Resources */ = {isa = PBXBuildFile; fileRef = 7D692BCA1922A02B0045F48B /* Main_iPhone.storyboard */; };
		7D692BCF1922A02B0045F48B /* Main_iPad.storyboard in Resources */ = {isa = PBXBuildFile; fileRef = 7D692BCD1922A02B0045F48B /* Main_iPad.storyboard */; };
		7D692BD21922A02B0045F48B /* JPViewController.m in Sources */ = {isa = PBXBuildFile; fileRef = 7D692BD11922A02B0045F48B /* JPViewController.m */; };
		7D692BD41922A02B0045F48B /* Images.xcassets in Resources */ = {isa = PBXBuildFile; fileRef = 7D692BD31922A02B0045F48B /* Images.xcassets */; };
		7D692BDB1922A02B0045F48B /* XCTest.framework in Frameworks */ = {isa = PBXBuildFile; fileRef = 7D692BDA1922A02B0045F48B /* XCTest.framework */; };
		7D692BDC1922A02B0045F48B /* Foundation.framework in Frameworks */ = {isa = PBXBuildFile; fileRef = 7D692BB81922A02B0045F48B /* Foundation.framework */; };
		7D692BDD1922A02B0045F48B /* UIKit.framework in Frameworks */ = {isa = PBXBuildFile; fileRef = 7D692BBC1922A02B0045F48B /* UIKit.framework */; };
		7D692BE51922A02B0045F48B /* InfoPlist.strings in Resources */ = {isa = PBXBuildFile; fileRef = 7D692BE31922A02B0045F48B /* InfoPlist.strings */; };
		7D692BE71922A02B0045F48B /* SizeAnimationTests.m in Sources */ = {isa = PBXBuildFile; fileRef = 7D692BE61922A02B0045F48B /* SizeAnimationTests.m */; };
		7D692BF11922C02D0045F48B /* you_mad_camron.jpg in Resources */ = {isa = PBXBuildFile; fileRef = 7D692BF01922C02D0045F48B /* you_mad_camron.jpg */; };
/* End PBXBuildFile section */

/* Begin PBXContainerItemProxy section */
		7D692BDE1922A02B0045F48B /* PBXContainerItemProxy */ = {
			isa = PBXContainerItemProxy;
			containerPortal = 7D692BAD1922A02B0045F48B /* Project object */;
			proxyType = 1;
			remoteGlobalIDString = 7D692BB41922A02B0045F48B;
			remoteInfo = SizeAnimation;
		};
/* End PBXContainerItemProxy section */

/* Begin PBXFileReference section */
		7D692BB51922A02B0045F48B /* SizeAnimation.app */ = {isa = PBXFileReference; explicitFileType = wrapper.application; includeInIndex = 0; path = SizeAnimation.app; sourceTree = BUILT_PRODUCTS_DIR; };
		7D692BB81922A02B0045F48B /* Foundation.framework */ = {isa = PBXFileReference; lastKnownFileType = wrapper.framework; name = Foundation.framework; path = System/Library/Frameworks/Foundation.framework; sourceTree = SDKROOT; };
		7D692BBA1922A02B0045F48B /* CoreGraphics.framework */ = {isa = PBXFileReference; lastKnownFileType = wrapper.framework; name = CoreGraphics.framework; path = System/Library/Frameworks/CoreGraphics.framework; sourceTree = SDKROOT; };
		7D692BBC1922A02B0045F48B /* UIKit.framework */ = {isa = PBXFileReference; lastKnownFileType = wrapper.framework; name = UIKit.framework; path = System/Library/Frameworks/UIKit.framework; sourceTree = SDKROOT; };
		7D692BC01922A02B0045F48B /* SizeAnimation-Info.plist */ = {isa = PBXFileReference; lastKnownFileType = text.plist.xml; path = "SizeAnimation-Info.plist"; sourceTree = "<group>"; };
		7D692BC21922A02B0045F48B /* en */ = {isa = PBXFileReference; lastKnownFileType = text.plist.strings; name = en; path = en.lproj/InfoPlist.strings; sourceTree = "<group>"; };
		7D692BC41922A02B0045F48B /* main.m */ = {isa = PBXFileReference; lastKnownFileType = sourcecode.c.objc; path = main.m; sourceTree = "<group>"; };
		7D692BC61922A02B0045F48B /* SizeAnimation-Prefix.pch */ = {isa = PBXFileReference; lastKnownFileType = sourcecode.c.h; path = "SizeAnimation-Prefix.pch"; sourceTree = "<group>"; };
		7D692BC71922A02B0045F48B /* JPAppDelegate.h */ = {isa = PBXFileReference; lastKnownFileType = sourcecode.c.h; path = JPAppDelegate.h; sourceTree = "<group>"; };
		7D692BC81922A02B0045F48B /* JPAppDelegate.m */ = {isa = PBXFileReference; lastKnownFileType = sourcecode.c.objc; path = JPAppDelegate.m; sourceTree = "<group>"; };
		7D692BCB1922A02B0045F48B /* Base */ = {isa = PBXFileReference; lastKnownFileType = file.storyboard; name = Base; path = Base.lproj/Main_iPhone.storyboard; sourceTree = "<group>"; };
		7D692BCE1922A02B0045F48B /* Base */ = {isa = PBXFileReference; lastKnownFileType = file.storyboard; name = Base; path = Base.lproj/Main_iPad.storyboard; sourceTree = "<group>"; };
		7D692BD01922A02B0045F48B /* JPViewController.h */ = {isa = PBXFileReference; lastKnownFileType = sourcecode.c.h; path = JPViewController.h; sourceTree = "<group>"; };
		7D692BD11922A02B0045F48B /* JPViewController.m */ = {isa = PBXFileReference; lastKnownFileType = sourcecode.c.objc; path = JPViewController.m; sourceTree = "<group>"; };
		7D692BD31922A02B0045F48B /* Images.xcassets */ = {isa = PBXFileReference; lastKnownFileType = folder.assetcatalog; path = Images.xcassets; sourceTree = "<group>"; };
		7D692BD91922A02B0045F48B /* SizeAnimationTests.xctest */ = {isa = PBXFileReference; explicitFileType = wrapper.cfbundle; includeInIndex = 0; path = SizeAnimationTests.xctest; sourceTree = BUILT_PRODUCTS_DIR; };
		7D692BDA1922A02B0045F48B /* XCTest.framework */ = {isa = PBXFileReference; lastKnownFileType = wrapper.framework; name = XCTest.framework; path = Library/Frameworks/XCTest.framework; sourceTree = DEVELOPER_DIR; };
		7D692BE21922A02B0045F48B /* SizeAnimationTests-Info.plist */ = {isa = PBXFileReference; lastKnownFileType = text.plist.xml; path = "SizeAnimationTests-Info.plist"; sourceTree = "<group>"; };
		7D692BE41922A02B0045F48B /* en */ = {isa = PBXFileReference; lastKnownFileType = text.plist.strings; name = en; path = en.lproj/InfoPlist.strings; sourceTree = "<group>"; };
		7D692BE61922A02B0045F48B /* SizeAnimationTests.m */ = {isa = PBXFileReference; lastKnownFileType = sourcecode.c.objc; path = SizeAnimationTests.m; sourceTree = "<group>"; };
		7D692BF01922C02D0045F48B /* you_mad_camron.jpg */ = {isa = PBXFileReference; lastKnownFileType = image.jpeg; path = you_mad_camron.jpg; sourceTree = "<group>"; };
/* End PBXFileReference section */

/* Begin PBXFrameworksBuildPhase section */
		7D692BB21922A02B0045F48B /* Frameworks */ = {
			isa = PBXFrameworksBuildPhase;
			buildActionMask = 2147483647;
			files = (
				7D692BBB1922A02B0045F48B /* CoreGraphics.framework in Frameworks */,
				7D692BBD1922A02B0045F48B /* UIKit.framework in Frameworks */,
				7D692BB91922A02B0045F48B /* Foundation.framework in Frameworks */,
			);
			runOnlyForDeploymentPostprocessing = 0;
		};
		7D692BD61922A02B0045F48B /* Frameworks */ = {
			isa = PBXFrameworksBuildPhase;
			buildActionMask = 2147483647;
			files = (
				7D692BDB1922A02B0045F48B /* XCTest.framework in Frameworks */,
				7D692BDD1922A02B0045F48B /* UIKit.framework in Frameworks */,
				7D692BDC1922A02B0045F48B /* Foundation.framework in Frameworks */,
			);
			runOnlyForDeploymentPostprocessing = 0;
		};
/* End PBXFrameworksBuildPhase section */

/* Begin PBXGroup section */
		7D692BAC1922A02B0045F48B = {
			isa = PBXGroup;
			children = (
				7D692BBE1922A02B0045F48B /* SizeAnimation */,
				7D692BE01922A02B0045F48B /* SizeAnimationTests */,
				7D692BB71922A02B0045F48B /* Frameworks */,
				7D692BB61922A02B0045F48B /* Products */,
			);
			sourceTree = "<group>";
		};
		7D692BB61922A02B0045F48B /* Products */ = {
			isa = PBXGroup;
			children = (
				7D692BB51922A02B0045F48B /* SizeAnimation.app */,
				7D692BD91922A02B0045F48B /* SizeAnimationTests.xctest */,
			);
			name = Products;
			sourceTree = "<group>";
		};
		7D692BB71922A02B0045F48B /* Frameworks */ = {
			isa = PBXGroup;
			children = (
				7D692BB81922A02B0045F48B /* Foundation.framework */,
				7D692BBA1922A02B0045F48B /* CoreGraphics.framework */,
				7D692BBC1922A02B0045F48B /* UIKit.framework */,
				7D692BDA1922A02B0045F48B /* XCTest.framework */,
			);
			name = Frameworks;
			sourceTree = "<group>";
		};
		7D692BBE1922A02B0045F48B /* SizeAnimation */ = {
			isa = PBXGroup;
			children = (
				7D692BF01922C02D0045F48B /* you_mad_camron.jpg */,
				7D692BC71922A02B0045F48B /* JPAppDelegate.h */,
				7D692BC81922A02B0045F48B /* JPAppDelegate.m */,
				7D692BCA1922A02B0045F48B /* Main_iPhone.storyboard */,
				7D692BCD1922A02B0045F48B /* Main_iPad.storyboard */,
				7D692BD01922A02B0045F48B /* JPViewController.h */,
				7D692BD11922A02B0045F48B /* JPViewController.m */,
				7D692BD31922A02B0045F48B /* Images.xcassets */,
				7D692BBF1922A02B0045F48B /* Supporting Files */,
			);
			path = SizeAnimation;
			sourceTree = "<group>";
		};
		7D692BBF1922A02B0045F48B /* Supporting Files */ = {
			isa = PBXGroup;
			children = (
				7D692BC01922A02B0045F48B /* SizeAnimation-Info.plist */,
				7D692BC11922A02B0045F48B /* InfoPlist.strings */,
				7D692BC41922A02B0045F48B /* main.m */,
				7D692BC61922A02B0045F48B /* SizeAnimation-Prefix.pch */,
			);
			name = "Supporting Files";
			sourceTree = "<group>";
		};
		7D692BE01922A02B0045F48B /* SizeAnimationTests */ = {
			isa = PBXGroup;
			children = (
				7D692BE61922A02B0045F48B /* SizeAnimationTests.m */,
				7D692BE11922A02B0045F48B /* Supporting Files */,
			);
			path = SizeAnimationTests;
			sourceTree = "<group>";
		};
		7D692BE11922A02B0045F48B /* Supporting Files */ = {
			isa = PBXGroup;
			children = (
				7D692BE21922A02B0045F48B /* SizeAnimationTests-Info.plist */,
				7D692BE31922A02B0045F48B /* InfoPlist.strings */,
			);
			name = "Supporting Files";
			sourceTree = "<group>";
		};
/* End PBXGroup section */

/* Begin PBXNativeTarget section */
		7D692BB41922A02B0045F48B /* SizeAnimation */ = {
			isa = PBXNativeTarget;
			buildConfigurationList = 7D692BEA1922A02B0045F48B /* Build configuration list for PBXNativeTarget "SizeAnimation" */;
			buildPhases = (
				7D692BB11922A02B0045F48B /* Sources */,
				7D692BB21922A02B0045F48B /* Frameworks */,
				7D692BB31922A02B0045F48B /* Resources */,
			);
			buildRules = (
			);
			dependencies = (
			);
			name = SizeAnimation;
			productName = SizeAnimation;
			productReference = 7D692BB51922A02B0045F48B /* SizeAnimation.app */;
			productType = "com.apple.product-type.application";
		};
		7D692BD81922A02B0045F48B /* SizeAnimationTests */ = {
			isa = PBXNativeTarget;
			buildConfigurationList = 7D692BED1922A02B0045F48B /* Build configuration list for PBXNativeTarget "SizeAnimationTests" */;
			buildPhases = (
				7D692BD51922A02B0045F48B /* Sources */,
				7D692BD61922A02B0045F48B /* Frameworks */,
				7D692BD71922A02B0045F48B /* Resources */,
			);
			buildRules = (
			);
			dependencies = (
				7D692BDF1922A02B0045F48B /* PBXTargetDependency */,
			);
			name = SizeAnimationTests;
			productName = SizeAnimationTests;
			productReference = 7D692BD91922A02B0045F48B /* SizeAnimationTests.xctest */;
			productType = "com.apple.product-type.bundle.unit-test";
		};
/* End PBXNativeTarget section */

/* Begin PBXProject section */
		7D692BAD1922A02B0045F48B /* Project object */ = {
			isa = PBXProject;
			attributes = {
				CLASSPREFIX = JP;
				LastUpgradeCheck = 0510;
				ORGANIZATIONNAME = "Jamie Pinkham";
				TargetAttributes = {
					7D692BD81922A02B0045F48B = {
						TestTargetID = 7D692BB41922A02B0045F48B;
					};
				};
			};
			buildConfigurationList = 7D692BB01922A02B0045F48B /* Build configuration list for PBXProject "SizeAnimation" */;
			compatibilityVersion = "Xcode 3.2";
			developmentRegion = English;
			hasScannedForEncodings = 0;
			knownRegions = (
				en,
				Base,
			);
			mainGroup = 7D692BAC1922A02B0045F48B;
			productRefGroup = 7D692BB61922A02B0045F48B /* Products */;
			projectDirPath = "";
			projectRoot = "";
			targets = (
				7D692BB41922A02B0045F48B /* SizeAnimation */,
				7D692BD81922A02B0045F48B /* SizeAnimationTests */,
			);
		};
/* End PBXProject section */

/* Begin PBXResourcesBuildPhase section */
		7D692BB31922A02B0045F48B /* Resources */ = {
			isa = PBXResourcesBuildPhase;
			buildActionMask = 2147483647;
			files = (
				7D692BF11922C02D0045F48B /* you_mad_camron.jpg in Resources */,
				7D692BCF1922A02B0045F48B /* Main_iPad.storyboard in Resources */,
				7D692BD41922A02B0045F48B /* Images.xcassets in Resources */,
				7D692BCC1922A02B0045F48B /* Main_iPhone.storyboard in Resources */,
				7D692BC31922A02B0045F48B /* InfoPlist.strings in Resources */,
			);
			runOnlyForDeploymentPostprocessing = 0;
		};
		7D692BD71922A02B0045F48B /* Resources */ = {
			isa = PBXResourcesBuildPhase;
			buildActionMask = 2147483647;
			files = (
				7D692BE51922A02B0045F48B /* InfoPlist.strings in Resources */,
			);
			runOnlyForDeploymentPostprocessing = 0;
		};
/* End PBXResourcesBuildPhase section */

/* Begin PBXSourcesBuildPhase section */
		7D692BB11922A02B0045F48B /* Sources */ = {
			isa = PBXSourcesBuildPhase;
			buildActionMask = 2147483647;
			files = (
				7D692BC91922A02B0045F48B /* JPAppDelegate.m in Sources */,
				7D692BD21922A02B0045F48B /* JPViewController.m in Sources */,
				7D692BC51922A02B0045F48B /* main.m in Sources */,
			);
			runOnlyForDeploymentPostprocessing = 0;
		};
		7D692BD51922A02B0045F48B /* Sources */ = {
			isa = PBXSourcesBuildPhase;
			buildActionMask = 2147483647;
			files = (
				7D692BE71922A02B0045F48B /* SizeAnimationTests.m in Sources */,
			);
			runOnlyForDeploymentPostprocessing = 0;
		};
/* End PBXSourcesBuildPhase section */

/* Begin PBXTargetDependency section */
		7D692BDF1922A02B0045F48B /* PBXTargetDependency */ = {
			isa = PBXTargetDependency;
			target = 7D692BB41922A02B0045F48B /* SizeAnimation */;
			targetProxy = 7D692BDE1922A02B0045F48B /* PBXContainerItemProxy */;
		};
/* End PBXTargetDependency section */

/* Begin PBXVariantGroup section */
		7D692BC11922A02B0045F48B /* InfoPlist.strings */ = {
			isa = PBXVariantGroup;
			children = (
				7D692BC21922A02B0045F48B /* en */,
			);
			name = InfoPlist.strings;
			sourceTree = "<group>";
		};
		7D692BCA1922A02B0045F48B /* Main_iPhone.storyboard */ = {
			isa = PBXVariantGroup;
			children = (
				7D692BCB1922A02B0045F48B /* Base */,
			);
			name = Main_iPhone.storyboard;
			sourceTree = "<group>";
		};
		7D692BCD1922A02B0045F48B /* Main_iPad.storyboard */ = {
			isa = PBXVariantGroup;
			children = (
				7D692BCE1922A02B0045F48B /* Base */,
			);
			name = Main_iPad.storyboard;
			sourceTree = "<group>";
		};
		7D692BE31922A02B0045F48B /* InfoPlist.strings */ = {
			isa = PBXVariantGroup;
			children = (
				7D692BE41922A02B0045F48B /* en */,
			);
			name = InfoPlist.strings;
			sourceTree = "<group>";
		};
/* End PBXVariantGroup section */

/* Begin XCBuildConfiguration section */
		7D692BE81922A02B0045F48B /* Debug */ = {
			isa = XCBuildConfiguration;
			buildSettings = {
				ALWAYS_SEARCH_USER_PATHS = NO;
				CLANG_CXX_LANGUAGE_STANDARD = "gnu++0x";
				CLANG_CXX_LIBRARY = "libc++";
				CLANG_ENABLE_MODULES = YES;
				CLANG_ENABLE_OBJC_ARC = YES;
				CLANG_WARN_BOOL_CONVERSION = YES;
				CLANG_WARN_CONSTANT_CONVERSION = YES;
				CLANG_WARN_DIRECT_OBJC_ISA_USAGE = YES_ERROR;
				CLANG_WARN_EMPTY_BODY = YES;
				CLANG_WARN_ENUM_CONVERSION = YES;
				CLANG_WARN_INT_CONVERSION = YES;
				CLANG_WARN_OBJC_ROOT_CLASS = YES_ERROR;
				CLANG_WARN__DUPLICATE_METHOD_MATCH = YES;
				"CODE_SIGN_IDENTITY[sdk=iphoneos*]" = "iPhone Developer";
				COPY_PHASE_STRIP = NO;
				GCC_C_LANGUAGE_STANDARD = gnu99;
				GCC_DYNAMIC_NO_PIC = NO;
				GCC_OPTIMIZATION_LEVEL = 0;
				GCC_PREPROCESSOR_DEFINITIONS = (
					"DEBUG=1",
					"$(inherited)",
				);
				GCC_SYMBOLS_PRIVATE_EXTERN = NO;
				GCC_WARN_64_TO_32_BIT_CONVERSION = YES;
				GCC_WARN_ABOUT_RETURN_TYPE = YES_ERROR;
				GCC_WARN_UNDECLARED_SELECTOR = YES;
				GCC_WARN_UNINITIALIZED_AUTOS = YES_AGGRESSIVE;
				GCC_WARN_UNUSED_FUNCTION = YES;
				GCC_WARN_UNUSED_VARIABLE = YES;
				IPHONEOS_DEPLOYMENT_TARGET = 7.1;
				ONLY_ACTIVE_ARCH = YES;
				SDKROOT = iphoneos;
				TARGETED_DEVICE_FAMILY = "1,2";
			};
			name = Debug;
		};
		7D692BE91922A02B0045F48B /* Release */ = {
			isa = XCBuildConfiguration;
			buildSettings = {
				ALWAYS_SEARCH_USER_PATHS = NO;
				CLANG_CXX_LANGUAGE_STANDARD = "gnu++0x";
				CLANG_CXX_LIBRARY = "libc++";
				CLANG_ENABLE_MODULES = YES;
				CLANG_ENABLE_OBJC_ARC = YES;
				CLANG_WARN_BOOL_CONVERSION = YES;
				CLANG_WARN_CONSTANT_CONVERSION = YES;
				CLANG_WARN_DIRECT_OBJC_ISA_USAGE = YES_ERROR;
				CLANG_WARN_EMPTY_BODY = YES;
				CLANG_WARN_ENUM_CONVERSION = YES;
				CLANG_WARN_INT_CONVERSION = YES;
				CLANG_WARN_OBJC_ROOT_CLASS = YES_ERROR;
				CLANG_WARN__DUPLICATE_METHOD_MATCH = YES;
				"CODE_SIGN_IDENTITY[sdk=iphoneos*]" = "iPhone Developer";
				COPY_PHASE_STRIP = YES;
				ENABLE_NS_ASSERTIONS = NO;
				GCC_C_LANGUAGE_STANDARD = gnu99;
				GCC_WARN_64_TO_32_BIT_CONVERSION = YES;
				GCC_WARN_ABOUT_RETURN_TYPE = YES_ERROR;
				GCC_WARN_UNDECLARED_SELECTOR = YES;
				GCC_WARN_UNINITIALIZED_AUTOS = YES_AGGRESSIVE;
				GCC_WARN_UNUSED_FUNCTION = YES;
				GCC_WARN_UNUSED_VARIABLE = YES;
				IPHONEOS_DEPLOYMENT_TARGET = 7.1;
				SDKROOT = iphoneos;
				TARGETED_DEVICE_FAMILY = "1,2";
				VALIDATE_PRODUCT = YES;
			};
			name = Release;
		};
		7D692BEB1922A02B0045F48B /* Debug */ = {
			isa = XCBuildConfiguration;
			buildSettings = {
				ASSETCATALOG_COMPILER_APPICON_NAME = AppIcon;
				ASSETCATALOG_COMPILER_LAUNCHIMAGE_NAME = LaunchImage;
				GCC_PRECOMPILE_PREFIX_HEADER = YES;
				GCC_PREFIX_HEADER = "SizeAnimation/SizeAnimation-Prefix.pch";
				INFOPLIST_FILE = "SizeAnimation/SizeAnimation-Info.plist";
				PRODUCT_NAME = "$(TARGET_NAME)";
				WRAPPER_EXTENSION = app;
			};
			name = Debug;
		};
		7D692BEC1922A02B0045F48B /* Release */ = {
			isa = XCBuildConfiguration;
			buildSettings = {
				ASSETCATALOG_COMPILER_APPICON_NAME = AppIcon;
				ASSETCATALOG_COMPILER_LAUNCHIMAGE_NAME = LaunchImage;
				GCC_PRECOMPILE_PREFIX_HEADER = YES;
				GCC_PREFIX_HEADER = "SizeAnimation/SizeAnimation-Prefix.pch";
				INFOPLIST_FILE = "SizeAnimation/SizeAnimation-Info.plist";
				PRODUCT_NAME = "$(TARGET_NAME)";
				WRAPPER_EXTENSION = app;
			};
			name = Release;
		};
		7D692BEE1922A02B0045F48B /* Debug */ = {
			isa = XCBuildConfiguration;
			buildSettings = {
				BUNDLE_LOADER = "$(BUILT_PRODUCTS_DIR)/SizeAnimation.app/SizeAnimation";
				FRAMEWORK_SEARCH_PATHS = (
					"$(SDKROOT)/Developer/Library/Frameworks",
					"$(inherited)",
					"$(DEVELOPER_FRAMEWORKS_DIR)",
				);
				GCC_PRECOMPILE_PREFIX_HEADER = YES;
				GCC_PREFIX_HEADER = "SizeAnimation/SizeAnimation-Prefix.pch";
				GCC_PREPROCESSOR_DEFINITIONS = (
					"DEBUG=1",
					"$(inherited)",
				);
				INFOPLIST_FILE = "SizeAnimationTests/SizeAnimationTests-Info.plist";
				PRODUCT_NAME = "$(TARGET_NAME)";
				TEST_HOST = "$(BUNDLE_LOADER)";
				WRAPPER_EXTENSION = xctest;
			};
			name = Debug;
		};
		7D692BEF1922A02B0045F48B /* Release */ = {
			isa = XCBuildConfiguration;
			buildSettings = {
				BUNDLE_LOADER = "$(BUILT_PRODUCTS_DIR)/SizeAnimation.app/SizeAnimation";
				FRAMEWORK_SEARCH_PATHS = (
					"$(SDKROOT)/Developer/Library/Frameworks",
					"$(inherited)",
					"$(DEVELOPER_FRAMEWORKS_DIR)",
				);
				GCC_PRECOMPILE_PREFIX_HEADER = YES;
				GCC_PREFIX_HEADER = "SizeAnimation/SizeAnimation-Prefix.pch";
				INFOPLIST_FILE = "SizeAnimationTests/SizeAnimationTests-Info.plist";
				PRODUCT_NAME = "$(TARGET_NAME)";
				TEST_HOST = "$(BUNDLE_LOADER)";
				WRAPPER_EXTENSION = xctest;
			};
			name = Release;
		};
/* End XCBuildConfiguration section */

/* Begin XCConfigurationList section */
		7D692BB01922A02B0045F48B /* Build configuration list for PBXProject "SizeAnimation" */ = {
			isa = XCConfigurationList;
			buildConfigurations = (
				7D692BE81922A02B0045F48B /* Debug */,
				7D692BE91922A02B0045F48B /* Release */,
			);
			defaultConfigurationIsVisible = 0;
			defaultConfigurationName = Release;
		};
		7D692BEA1922A02B0045F48B /* Build configuration list for PBXNativeTarget "SizeAnimation" */ = {
			isa = XCConfigurationList;
			buildConfigurations = (
				7D692BEB1922A02B0045F48B /* Debug */,
				7D692BEC1922A02B0045F48B /* Release */,
			);
			defaultConfigurationIsVisible = 0;
		};
		7D692BED1922A02B0045F48B /* Build configuration list for PBXNativeTarget "SizeAnimationTests" */ = {
			isa = XCConfigurationList;
			buildConfigurations = (
				7D692BEE1922A02B0045F48B /* Debug */,
				7D692BEF1922A02B0045F48B /* Release */,
			);
			defaultConfigurationIsVisible = 0;
		};
/* End XCConfigurationList section */
	};
	rootObject = 7D692BAD1922A02B0045F48B /* Project object */;
}
